{
    "doctrine/deprecations": {
        "version": "1.1",
        "recipe": {
            "repo": "github.com/symfony/recipes",
            "branch": "main",
            "version": "1.0",
            "ref": "fdd756167454623e21f1d769c5b814b243782a67"
        }
    },
    "nyholm/psr7": {
        "version": "1.8",
        "recipe": {
            "repo": "github.com/shopware/recipes",
            "branch": "main",
            "version": "1.0",
            "ref": "4a8c0345442dcca1d8a2c65633dcf0285dd5a5a2"
        },
        "files": [
            "config/packages/nyholm_psr7.yaml"
        ]
    },
    "pentatrion/vite-bundle": {
        "version": "8.2",
        "recipe": {
            "repo": "github.com/shopware/recipes",
            "branch": "main",
            "version": "6.5",
            "ref": "8cc0e41387cb37cb65cc9a1ce8bac7eed899687a"
        }
    },
    "php-http/discovery": {
        "version": "1.20",
        "recipe": {
            "repo": "github.com/symfony/recipes",
            "branch": "main",
            "version": "1.18",
            "ref": "f45b5dd173a27873ab19f5e3180b2f661c21de02"
        },
        "files": [
            "config/packages/http_discovery.yaml"
        ]
    },
    "shopware/docker": {
        "version": "0.3",
        "recipe": {
            "repo": "github.com/shopware/recipes",
            "branch": "main",
            "version": "0.3",
            "ref": "b5a2b001ea6785c6db0b6c6073dc64e207214bbd"
        },
        "files": [
            "docker/Dockerfile",
            "config/packages/prod/monolog.yaml"
        ]
    },
    "shopware/k8s-meta": {
        "version": "2.0",
        "recipe": {
            "repo": "github.com/shopware/recipes",
            "branch": "main",
            "version": "2.0",
            "ref": "1b3d226081c159364c3496fec4e2f4c4bf2b72a1"
        },
        "files": [
            "config/packages/operator.yaml"
        ]
    },
    "shopware/opentelemetry": {
        "version": "0.1",
        "recipe": {
            "repo": "github.com/shopware/recipes",
            "branch": "main",
            "version": "0.1",
            "ref": "bf3742a51d33724fc68194e8d3a49de1eec6c7c9"
        },
        "files": [
            "config/packages/prod/opentelemetry.yaml"
        ]
    },
    "shopware/platform": {
        "version": "6.7",
        "recipe": {
            "repo": "github.com/shopware/recipes",
            "branch": "main",
            "version": "6.7",
            "ref": "da0f88350f1c1564a3ebab36bf1367cfd09b2f72"
        },
        "files": [
            "bin/.htaccess",
            "bin/build-administration.sh",
            "bin/build-js.sh",
            "bin/build-storefront.sh",
            "bin/ci",
            "bin/console",
            "bin/functions.sh",
            "bin/watch-administration.sh",
            "bin/watch-storefront.sh",
            "config/jwt/.gitignore",
            "custom/.htaccess",
            "custom/apps/.gitignore",
            "custom/plugins/.gitignore",
            "custom/static-plugins/.gitignore",
            "files/.htaccess",
            "public/.htaccess.dist",
            "public/index.php",
            "public/maintenance.html",
            "var/.htaccess",
            ".htaccess"
        ]
    },
    "symfony/console": {
        "version": "7.4",
        "recipe": {
            "repo": "github.com/shopware/recipes",
            "branch": "main",
            "version": "5.4",
            "ref": "d7afb8d11ee0e18f644cc77c2df9b372e89cb3a9"
        }
    },
    "symfony/debug-bundle": {
        "version": "7.4",
        "recipe": {
            "repo": "github.com/shopware/recipes",
            "branch": "main",
            "version": "5.3",
            "ref": "b94f2fa443280f1befe3093f1c7135cbece45be2"
        }
    },
    "symfony/flex": {
        "version": "2.10",
        "recipe": {
            "repo": "github.com/symfony/recipes",
            "branch": "main",
            "version": "2.4",
            "ref": "52e9754527a15e2b79d9a610f98185a1fe46622a"
        },
        "files": [
            ".env",
            ".env.dev"
        ]
    },
    "symfony/framework-bundle": {
        "version": "7.4",
        "recipe": {
            "repo": "github.com/shopware/recipes",
            "branch": "main",
            "version": "7.4",
            "ref": "50944a1fe41e7bcbca2e33ec196e1084772633f7"
        },
        "files": [
            "config/services.yaml",
            "src/Controller/.gitignore"
        ]
    },
    "symfony/lock": {
        "version": "7.4",
        "recipe": {
            "repo": "github.com/symfony/recipes",
            "branch": "main",
            "version": "5.2",
            "ref": "8e937ff2b4735d110af1770f242c1107fdab4c8e"
        },
        "files": [
            "config/packages/lock.yaml"
        ]
    },
    "symfony/mailer": {
        "version": "7.4",
        "recipe": {
            "repo": "github.com/shopware/recipes",
            "branch": "main",
            "version": "4.3",
            "ref": "7c4b09065438b4fbe2baaf7838347090efffafac"
        }
    },
    "symfony/messenger": {
        "version": "7.4",
        "recipe": {
            "repo": "github.com/shopware/recipes",
            "branch": "main",
            "version": "6.0",
            "ref": "34c68db62fc2e3f66c944e7195fea5367c68823d"
        },
        "files": []
    },
    "symfony/monolog-bundle": {
        "version": "3.11",
        "recipe": {
            "repo": "github.com/shopware/recipes",
            "branch": "main",
            "version": "3.3",
            "ref": "5ccbcb35c970d021327d54358e748c6962a39ed8"
        },
        "files": []
    },
    "symfony/property-info": {
        "version": "7.4",
        "recipe": {
            "repo": "github.com/shopware/recipes",
            "branch": "main",
            "version": "7.3",
            "ref": "d7afb8d11ee0e18f644cc77c2df9b372e89cb3a9"
        }
    },
    "symfony/routing": {
        "version": "7.4",
        "recipe": {
            "repo": "github.com/shopware/recipes",
            "branch": "main",
            "version": "7.4",
            "ref": "f4aa893f09086b4e9bfbeaebb2a1f2a24f979367"
        },
        "files": [
            "config/routes.yaml"
        ]
    },
    "symfony/scheduler": {
        "version": "7.4",
        "recipe": {
            "repo": "github.com/shopware/recipes",
            "branch": "main",
            "version": "7.2",
            "ref": "88069c76a8133d37a373b1299fb3ab927f252c45"
        },
        "files": []
    },
    "symfony/translation": {
        "version": "7.4",
        "recipe": {
            "repo": "github.com/shopware/recipes",
            "branch": "main",
            "version": "5.4",
            "ref": "d7afb8d11ee0e18f644cc77c2df9b372e89cb3a9"
        }
    },
    "symfony/twig-bundle": {
        "version": "7.4",
        "recipe": {
            "repo": "github.com/shopware/recipes",
            "branch": "main",
            "version": "5.4",
            "ref": "99277800a8f532fc369df7148804ed3d257c69c0"
        }
    },
    "symfony/ux-twig-component": {
        "version": "2.32",
        "recipe": {
            "repo": "github.com/shopware/recipes",
            "branch": "main",
            "version": "2.13",
            "ref": "52a1848fd64f44ea41b1cdf80cb5a573cc1632b3"
        }
    },
    "symfony/validator": {
        "version": "7.4",
        "recipe": {
            "repo": "github.com/shopware/recipes",
            "branch": "main",
            "version": "5.3",
            "ref": "cdb029c79a301f7404e20b1f7031710959420019"
        }
    }
}
